
Microsoft Visual Studio Solution File, Format Version 12.00
# Visual Studio Version 17
VisualStudioVersion = 17.3.32825.248
MinimumVisualStudioVersion = 10.0.40219.1
Project("{FAE04EC0-301F-11D3-BF4B-00C04F79EFBC}") = "MISA.ASP.ClientApp", "MISA.ASP.ClientApp\MISA.ASP.ClientApp.csproj", "{52449153-041A-41B1-8457-EDC2DA37EF6D}"
EndProject
Global
	GlobalSection(SolutionConfigurationPlatforms) = preSolution
		Debug|Any CPU = Debug|Any CPU
		Release|Any CPU = Release|Any CPU
	EndGlobalSection
	GlobalSection(ProjectConfigurationPlatforms) = postSolution
		{52449153-041A-41B1-8457-EDC2DA37EF6D}.Debug|Any CPU.ActiveCfg = Debug|Any CPU
		{52449153-041A-41B1-8457-EDC2DA37EF6D}.Debug|Any CPU.Build.0 = Debug|Any CPU
		{52449153-041A-41B1-8457-EDC2DA37EF6D}.Release|Any CPU.ActiveCfg = Release|Any CPU
		{52449153-041A-41B1-8457-EDC2DA37EF6D}.Release|Any CPU.Build.0 = Release|Any CPU
	EndGlobalSection
	GlobalSection(SolutionProperties) = preSolution
		HideSolutionNode = FALSE
	EndGlobalSection
	GlobalSection(ExtensibilityGlobals) = postSolution
		SolutionGuid = {CE65128E-5C15-470D-A312-65A1DCB11029}
	EndGlobalSection
EndGlobal
